
Microsoft Visual Studio Solution File, Format Version 12.00
# Visual Studio Version 16
VisualStudioVersion = 16.0.30114.105
MinimumVisualStudioVersion = 10.0.40219.1
Project("{FAE04EC0-301F-11D3-BF4B-00C04F79EFBC}") = "backend", "backend\backend.csproj", "{78C76F2F-E267-44A3-B620-8DEEDF2107B4}"
EndProject
Global
	GlobalSection(SolutionConfigurationPlatforms) = preSolution
		Debug|Any CPU = Debug|Any CPU
		Release|Any CPU = Release|Any CPU
	EndGlobalSection
	GlobalSection(ProjectConfigurationPlatforms) = postSolution
		{78C76F2F-E267-44A3-B620-8DEEDF2107B4}.Debug|Any CPU.ActiveCfg = Debug|Any CPU
		{78C76F2F-E267-44A3-B620-8DEEDF2107B4}.Debug|Any CPU.Build.0 = Debug|Any CPU
		{78C76F2F-E267-44A3-B620-8DEEDF2107B4}.Release|Any CPU.ActiveCfg = Release|Any CPU
		{78C76F2F-E267-44A3-B620-8DEEDF2107B4}.Release|Any CPU.Build.0 = Release|Any CPU
	EndGlobalSection
	GlobalSection(SolutionProperties) = preSolution
		HideSolutionNode = FALSE
	EndGlobalSection
	GlobalSection(ExtensibilityGlobals) = postSolution
		SolutionGuid = {17C9408F-167D-4629-B737-8B20C980229A}
	EndGlobalSection
EndGlobal
